version = 1
revision = 3
requires-python = ">=3.12"

[[package]]
name = "annotated-types"
version = "0.8.0"
source = { registry = "https://pypi.org/simple" }
sdist = { url = "https://files.pythonhosted.org/packages/5f/56/a8120250d128bed162cd73c76d45f6ef9991f3e068f62a8ee060afa3104a/annotated_types-0.8.0.tar.gz", hash = "sha256:13b2beaad985e05e2d6407ee4c4f35590b11f8d693a258a561055cac8f64cab7", size = 15893, upload-time = "2026-07-23T20:16:13.995Z" }
wheels = [
    { url = "https://files.pythonhosted.org/packages/99/91/8acff4f5e50511b911bbccb72b8628a49c68ce14148cd9f6431094859a90/annotated_types-0.8.0-py3-none-any.whl", hash = "sha256:f072f4d804ea359e4eaf198b1af7a8b0943881a87f31bb764f8bf219bb9419e0", size = 13427, upload-time = "2026-07-23T20:16:12.938Z" },
]

[[package]]
name = "asttokens"
version = "2.4.1"
source = { registry = "https://pypi.org/simple" }
dependencies = [
    { name = "six" },
]
sdist = { url = "https://files.pythonhosted.org/packages/45/1d/f03bcb60c4a3212e15f99a56085d93093a497718adf828d050b9d675da81/asttokens-2.4.1.tar.gz", hash = "sha256:b03869718ba9a6eb027e134bfdf69f38a236d681c83c160d510768af11254ba0", size = 62284, upload-time = "2023-10-26T10:03:05.06Z" }
wheels = [
    { url = "https://files.pythonhosted.org/packages/45/86/4736ac618d82a20d87d2f92ae19441ebc7ac9e7a581d7e58bbe79233b24a/asttokens-2.4.1-py2.py3-none-any.whl", hash = "sha256:051ed49c3dcae8913ea7cd08e46a606dba30b79993209636c4875bc1d637bc24", size = 27764, upload-time = "2023-10-26T10:03:01.789Z" },
]

[[package]]
name = "devtools"
version = "0.12.2"
source = { registry = "https://pypi.org/simple" }
dependencies = [
    { name = "asttokens" },
    { name = "executing" },
    { name = "pygments" },
]
sdist = { url = "https://files.pythonhosted.org/packages/84/75/b78198620640d394bc435c17bb49db18419afdd6cfa3ed8bcfe14034ec80/devtools-0.12.2.tar.gz", hash = "sha256:efceab184cb35e3a11fa8e602cc4fadacaa2e859e920fc6f87bf130b69885507", size = 75005, upload-time = "2023-09-03T16:57:00.679Z" }
wheels = [
    { url = "https://files.pythonhosted.org/packages/d1/ae/afb1487556e2dc827a17097aac8158a25b433a345386f0e249f6d2694ccb/devtools-0.12.2-py3-none-any.whl", hash = "sha256:c366e3de1df4cdd635f1ad8cbcd3af01a384d7abda71900e68d43b04eb6aaca7", size = 19411, upload-time = "2023-09-03T16:56:59.049Z" },
]

[[package]]
name = "executing"
version = "2.2.1"
source = { registry = "https://pypi.org/simple" }
sdist = { url = "https://files.pythonhosted.org/packages/cc/28/c14e053b6762b1044f34a13aab6859bbf40456d37d23aa286ac24cfd9a5d/executing-2.2.1.tar.gz", hash = "sha256:3632cc370565f6648cc328b32435bd120a1e4ebb20c77e3fdde9a13cd1e533c4", size = 1129488, upload-time = "2025-09-01T09:48:10.866Z" }
wheels = [
    { url = "https://files.pythonhosted.org/packages/c1/ea/53f2148663b321f21b5a606bd5f191517cf40b7072c0497d3c92c4a13b1e/executing-2.2.1-py2.py3-none-any.whl", hash = "sha256:760643d3452b4d777d295bb167ccc74c64a81df23fb5e08eff250c425a4b2017", size = 28317, upload-time = "2025-09-01T09:48:08.5Z" },
]

[[package]]
name = "pydantic"
version = "2.5.3"
source = { registry = "https://pypi.org/simple" }
dependencies = [
    { name = "annotated-types" },
    { name = "pydantic-core" },
    { name = "typing-extensions" },
]
sdist = { url = "https://files.pythonhosted.org/packages/aa/3f/56142232152145ecbee663d70a19a45d078180633321efb3847d2562b490/pydantic-2.5.3.tar.gz", hash = "sha256:b3ef57c62535b0941697cce638c08900d87fcb67e29cfa99e8a68f747f393f7a", size = 651797, upload-time = "2023-12-22T10:39:46.736Z" }
wheels = [
    { url = "https://files.pythonhosted.org/packages/dd/b7/9aea7ee6c01fe3f3c03b8ca3c7797c866df5fecece9d6cb27caa138db2e2/pydantic-2.5.3-py3-none-any.whl", hash = "sha256:d0caf5954bee831b6bfe7e338c32b9e30c85dfe080c843680783ac2b631673b4", size = 381926, upload-time = "2023-12-22T10:39:43.758Z" },
]

[[package]]
name = "pydantic-core"
version = "2.14.6"
source = { registry = "https://pypi.org/simple" }
dependencies = [
    { name = "typing-extensions" },
]
sdist = { url = "https://files.pythonhosted.org/packages/b2/7d/8304d8471cfe4288f95a3065ebda56f9790d087edc356ad5bd83c89e2d79/pydantic_core-2.14.6.tar.gz", hash = "sha256:1fd0c1d395372843fba13a51c28e3bb9d59bd7aebfeb17358ffaaa1e4dbbe948", size = 360305, upload-time = "2023-12-21T19:56:33.986Z" }
wheels = [
    { url = "https://files.pythonhosted.org/packages/b1/26/4bd7ac215215322a693c178a022993450ebf7b1e91b26941f72407e1e9a1/pydantic_core-2.14.6-cp312-cp312-macosx_10_7_x86_64.whl", hash = "sha256:667aa2eac9cd0700af1ddb38b7b1ef246d8cf94c85637cbb03d7757ca4c3fdec", size = 1855038, upload-time = "2023-12-21T19:53:14.05Z" },
    { url = "https://files.pythonhosted.org/packages/a5/f8/07a2563f40b863ba97f3db648697f3f1d7b7edf1bd679f210064cb556e74/pydantic_core-2.14.6-cp312-cp312-macosx_11_0_arm64.whl", hash = "sha256:cdee837710ef6b56ebd20245b83799fce40b265b3b406e51e8ccc5b85b9099b7", size = 1718829, upload-time = "2023-12-21T19:53:16.61Z" },
    { url = "https://files.pythonhosted.org/packages/ba/98/fb42628ed811643c364e05353d3a015c74859402994420aeba8e3e34a54c/pydantic_core-2.14.6-cp312-cp312-manylinux_2_17_aarch64.manylinux2014_aarch64.whl", hash = "sha256:2c5bcf3414367e29f83fd66f7de64509a8fd2368b1edf4351e862910727d3e51", size = 1824883, upload-time = "2023-12-21T19:53:18.652Z" },
    { url = "https://files.pythonhosted.org/packages/69/ed/6a318d3846ac45e4e8d7c81a4c4f9cad341f4715521cc2cc7baecd6be9c0/pydantic_core-2.14.6-cp312-cp312-manylinux_2_17_armv7l.manylinux2014_armv7l.whl", hash = "sha256:26a92ae76f75d1915806b77cf459811e772d8f71fd1e4339c99750f0e7f6324f", size = 1834955, upload-time = "2023-12-21T19:53:20.879Z" },
    { url = "https://files.pythonhosted.org/packages/0b/d0/adf341fb8ed080bf5abb91c42752ffa099d8439e45d3fa40a21f259f724c/pydantic_core-2.14.6-cp312-cp312-manylinux_2_17_ppc64le.manylinux2014_ppc64le.whl", hash = "sha256:a983cca5ed1dd9a35e9e42ebf9f278d344603bfcb174ff99a5815f953925140a", size = 1994990, upload-time = "2023-12-21T19:53:23.309Z" },
    { url = "https://files.pythonhosted.org/packages/5e/58/7cac843607f3b2d0af1768fae90ef219413db163a7cfb7557344edfeed2f/pydantic_core-2.14.6-cp312-cp312-manylinux_2_17_s390x.manylinux2014_s390x.whl", hash = "sha256:cb92f9061657287eded380d7dc455bbf115430b3aa4741bdc662d02977e7d0af", size = 3001843, upload-time = "2023-12-21T19:53:25.501Z" },
    { url = "https://files.pythonhosted.org/packages/f3/62/076e6c43735950e911d80c6edf215314a8cf9b8adefe9613b72b09ccb1ee/pydantic_core-2.14.6-cp312-cp312-manylinux_2_17_x86_64.manylinux2014_x86_64.whl", hash = "sha256:e4ace1e220b078c8e48e82c081e35002038657e4b37d403ce940fa679e57113b", size = 2067417, upload-time = "2023-12-21T19:53:27.652Z" },
    { url = "https://files.pythonhosted.org/packages/d0/21/7ca5edf46bc6706152d459b560d669cfd72afe0dda24292408f1be8008d6/pydantic_core-2.14.6-cp312-cp312-manylinux_2_5_i686.manylinux1_i686.whl", hash = "sha256:ef633add81832f4b56d3b4c9408b43d530dfca29e68fb1b797dcb861a2c734cd", size = 1922514, upload-time = "2023-12-21T19:53:30.443Z" },
    { url = "https://files.pythonhosted.org/packages/b7/53/101aac1d63a743284cdae804ceb6f561879c385f355caf20d2d87da6d36d/pydantic_core-2.14.6-cp312-cp312-musllinux_1_1_aarch64.whl", hash = "sha256:7e90d6cc4aad2cc1f5e16ed56e46cebf4877c62403a311af20459c15da76fd91", size = 2004496, upload-time = "2023-12-21T19:53:32.411Z" },
    { url = "https://files.pythonhosted.org/packages/9f/7a/2e906fc1a5e4ca45e730118f0afb4878a39a1d505d895835d8cc5452446c/pydantic_core-2.14.6-cp312-cp312-musllinux_1_1_x86_64.whl", hash = "sha256:e8a5ac97ea521d7bde7621d86c30e86b798cdecd985723c4ed737a2aa9e77d0c", size = 2129106, upload-time = "2023-12-21T19:53:34.501Z" },
    { url = "https://files.pythonhosted.org/packages/d9/3e/28bd56c6aeadaae2eca12e39274b880505dd7fc9fa7b732d11167275c084/pydantic_core-2.14.6-cp312-none-win32.whl", hash = "sha256:f27207e8ca3e5e021e2402ba942e5b4c629718e665c81b8b306f3c8b1ddbb786", size = 1743090, upload-time = "2023-12-21T19:53:36.711Z" },
    { url = "https://files.pythonhosted.org/packages/84/13/afa2b5c336d30a43592f9bc8d5769ccd15b32b4ef243bd792496fe336925/pydantic_core-2.14.6-cp312-none-win_amd64.whl", hash = "sha256:b3e5fe4538001bb82e2295b8d2a39356a84694c97cb73a566dc36328b9f83b40", size = 1866497, upload-time = "2023-12-21T19:53:39.401Z" },
    { url = "https://files.pythonhosted.org/packages/04/33/68e91365ac5ef23fc70fbc4e24ab2f212a6ca39cd23b81589af9807946df/pydantic_core-2.14.6-cp312-none-win_arm64.whl", hash = "sha256:64634ccf9d671c6be242a664a33c4acf12882670b09b3f163cd00a24cffbd74e", size = 1844384, upload-time = "2023-12-21T19:53:41.316Z" },
]

[[package]]
name = "pyformula"
version = "0.1.0"
source = { editable = "." }
dependencies = [
    { name = "pydantic" },
]

[package.dev-dependencies]
dev = [
    { name = "devtools" },
    { name = "pyspecification" },
]

[package.metadata]
requires-dist = [{ name = "pydantic", specifier = "==2.5.3" }]

[package.metadata.requires-dev]
dev = [
    { name = "devtools", specifier = ">=0.12.2" },
    { name = "pyspecification", specifier = ">=0.1.4" },
]

[[package]]
name = "pygments"
version = "2.21.0"
source = { registry = "https://pypi.org/simple" }
sdist = { url = "https://files.pythonhosted.org/packages/49/2e/ced460408999b33da6b31b0021b0f37d329e202d4169aeb164493778f25b/pygments-2.21.0.tar.gz", hash = "sha256:610ca751c9bc2492b38eb9a38a7fbc93edbbb2d7182edaf34e66ae493dee5c8c", size = 5005329, upload-time = "2026-08-17T08:02:48.824Z" }
wheels = [
    { url = "https://files.pythonhosted.org/packages/71/46/17f022dd3e953bf20a04a028a21ec746d942f8d2af30fa0f124fa0e6a684/pygments-2.21.0-py3-none-any.whl", hash = "sha256:2363c69b61c4a97c838da3b130dcd6468f4848992b21a82f2a63ec34377137d9", size = 1250147, upload-time = "2026-08-17T08:02:44.912Z" },
]

[[package]]
name = "pyspecification"
version = "0.1.4"
source = { registry = "https://pypi.org/simple" }
dependencies = [
    { name = "pydantic" },
]
sdist = { url = "https://files.pythonhosted.org/packages/f8/7c/ffca2177f02c6d02e520ffba8c7c4272d6c3d904279a204a2150187cfca7/pyspecification-0.1.4.tar.gz", hash = "sha256:486d3d3c6c0eeb2468b22f52f686b5e50b917fe027b8a1c9e96a3abcf5d53ddf", size = 15384, upload-time = "2026-09-12T08:47:11.602Z" }
wheels = [
    { url = "https://files.pythonhosted.org/packages/9e/14/ccd67465c640c39b566ebe0a1318e733f4e7885e6c6a07d429750fe55ccc/pyspecification-0.1.4-py3-none-any.whl", hash = "sha256:7d69efd9286e7010d37718fdb2a47ce5684eaf3fcbbcebecb4ac93e365382f78", size = 20895, upload-time = "2026-09-12T08:47:10.23Z" },
]

[[package]]
name = "six"
version = "1.17.0"
source = { registry = "https://pypi.org/simple" }
sdist = { url = "https://files.pythonhosted.org/packages/94/e7/b2c673351809dca68a0e064b6af791aa332cf192da575fd474ed7d6f16a2/six-1.17.0.tar.gz", hash = "sha256:ff70335d468e7eb6ec65b95b99d3a2836546063f63acc5171de367e834932a81", size = 34031, upload-time = "2024-12-04T17:35:28.174Z" }
wheels = [
    { url = "https://files.pythonhosted.org/packages/b7/ce/149a00dd41f10bc29e5921b496af8b574d8413afcd5e30dfa0ed46c2cc5e/six-1.17.0-py2.py3-none-any.whl", hash = "sha256:4721f391ed90541fddacab5acf947aa0d3dc7d27b2e1e8eda2be8970586c3274", size = 11050, upload-time = "2024-12-04T17:35:26.475Z" },
]

[[package]]
name = "typing-extensions"
version = "4.16.0"
source = { registry = "https://pypi.org/simple" }
sdist = { url = "https://files.pythonhosted.org/packages/f6/cc/6253133b5bb138fc3306cebfbda2c520f545d36b5be2c7255cc528bb45d6/typing_extensions-4.16.0.tar.gz", hash = "sha256:dc983d19a509c94dba722ee6abd33940f7c05a89e243c47e907eb4db6f1a43e5", size = 113555, upload-time = "2026-07-02T08:40:05.92Z" }
wheels = [
    { url = "https://files.pythonhosted.org/packages/49/d3/b8441a820a491ddfc024b0b0cf0393375b75ea13866d9c66727e54c2fc80/typing_extensions-4.16.0-py3-none-any.whl", hash = "sha256:481caa481374e813c1b176ada14e97f1f67a4539ce9cfeb3f350d78d6370c2e8", size = 45571, upload-time = "2026-07-02T08:40:04.659Z" },
]
